
Microsoft Visual Studio Solution File, Format Version 12.00
# Visual Studio Version 17
VisualStudioVersion = 17.5.002.0
MinimumVisualStudioVersion = 10.0.40219.1
Project("{2150E333-8FDC-42A3-9474-1A3956D46DE8}") = "prepare", "prepare", "{20500EE4-5FB1-4D63-8E1F-389CBA539484}"
EndProject
Project("{9A19103F-16F7-4668-BE54-9A1E7A4F7556}") = "Learning02", "prepare\Learning02\Learning02.csproj", "{B3424A49-D191-4B26-9E9D-91EB585768EF}"
EndProject
Project("{9A19103F-16F7-4668-BE54-9A1E7A4F7556}") = "Learning05", "prepare\Learning05\Learning05.csproj", "{EA306B63-55F5-4C5E-AC13-3A0F1037E3CA}"
EndProject
Project("{9A19103F-16F7-4668-BE54-9A1E7A4F7556}") = "Learning04", "prepare\Learning04\Learning04.csproj", "{5A407EFB-1689-4AF9-8192-21799762F79A}"
EndProject
Project("{9A19103F-16F7-4668-BE54-9A1E7A4F7556}") = "Learning03", "prepare\Learning03\Learning03.csproj", "{42178B6A-ABC4-4347-B6D9-686DD152B947}"
EndProject
Project("{2150E333-8FDC-42A3-9474-1A3956D46DE8}") = "prove", "prove", "{155CC1B0-6708-47B7-B977-9C4D65E713D8}"
EndProject
Project("{9A19103F-16F7-4668-BE54-9A1E7A4F7556}") = "Develop03", "prove\Develop03\Develop03.csproj", "{A32692C4-348D-4AFC-8A12-DD95EA2AE423}"
EndProject
Project("{9A19103F-16F7-4668-BE54-9A1E7A4F7556}") = "Develop04", "prove\Develop04\Develop04.csproj", "{3312A97E-09BF-42F2-80FB-F1AC50C4639A}"
EndProject
Project("{9A19103F-16F7-4668-BE54-9A1E7A4F7556}") = "Develop05", "prove\Develop05\Develop05.csproj", "{72BCB1D6-0A2C-44A3-A9D3-2E2A13CD37F2}"
EndProject
Project("{9A19103F-16F7-4668-BE54-9A1E7A4F7556}") = "Develop02", "prove\Develop02\Develop02.csproj", "{675AEA75-2A33-4A1B-8607-D18808084338}"
EndProject
Project("{2150E333-8FDC-42A3-9474-1A3956D46DE8}") = "sandbox", "sandbox", "{300EAE65-2447-4E3A-9350-4C9F56F07F06}"
EndProject
Project("{9A19103F-16F7-4668-BE54-9A1E7A4F7556}") = "Sandbox", "sandbox\Sandbox\Sandbox.csproj", "{CA05C5AE-701D-41EC-AB11-A1E9368FD6F5}"
EndProject
Project("{2150E333-8FDC-42A3-9474-1A3956D46DE8}") = "final", "final", "{CA479DE4-3C5A-43E6-BA65-7934EC750388}"
EndProject
Project("{9A19103F-16F7-4668-BE54-9A1E7A4F7556}") = "FinalProject", "final\FinalProject\FinalProject.csproj", "{58FD4B3A-BF51-457A-8390-93A4BADF938D}"
EndProject
Project("{9A19103F-16F7-4668-BE54-9A1E7A4F7556}") = "Foundation1", "final\Foundation1\Foundation1.csproj", "{7C76078B-0D48-4E98-9EAD-E06B46F861C8}"
EndProject
Project("{9A19103F-16F7-4668-BE54-9A1E7A4F7556}") = "Foundation4", "final\Foundation4\Foundation4.csproj", "{878DA9B3-FC24-4150-9C5D-9CC024A2BBA8}"
EndProject
Project("{9A19103F-16F7-4668-BE54-9A1E7A4F7556}") = "Foundation3", "final\Foundation3\Foundation3.csproj", "{30D7DFD5-4872-4271-919E-837B2F2A7150}"
EndProject
Project("{9A19103F-16F7-4668-BE54-9A1E7A4F7556}") = "Foundation2", "final\Foundation2\Foundation2.csproj", "{5976EFBD-9475-4069-9341-7A47FF13A300}"
EndProject
Project("{2150E333-8FDC-42A3-9474-1A3956D46DE8}") = "csharp-prep", "csharp-prep", "{324EBAB7-C2A2-461F-9EE6-A23A5412A01E}"
EndProject
Project("{9A19103F-16F7-4668-BE54-9A1E7A4F7556}") = "Prep1", "csharp-prep\Prep1\Prep1.csproj", "{1E549C96-755C-4213-81AB-770A916C8D43}"
EndProject
Project("{9A19103F-16F7-4668-BE54-9A1E7A4F7556}") = "Prep5", "csharp-prep\Prep5\Prep5.csproj", "{09FF676A-D735-4D73-AEE3-4C5762156711}"
EndProject
Project("{9A19103F-16F7-4668-BE54-9A1E7A4F7556}") = "Prep2", "csharp-prep\Prep2\Prep2.csproj", "{CDEFFD40-9E8A-4473-B1C5-A659BAACCD13}"
EndProject
Project("{9A19103F-16F7-4668-BE54-9A1E7A4F7556}") = "Prep3", "csharp-prep\Prep3\Prep3.csproj", "{D4538AAE-2DC0-4D5B-A7D7-7DEB3092F9EB}"
EndProject
Project("{9A19103F-16F7-4668-BE54-9A1E7A4F7556}") = "Prep4", "csharp-prep\Prep4\Prep4.csproj", "{A0484B18-ECFE-486F-BAFD-C4362FFC6E80}"
EndProject
Global
	GlobalSection(SolutionConfigurationPlatforms) = preSolution
		Debug|Any CPU = Debug|Any CPU
		Release|Any CPU = Release|Any CPU
	EndGlobalSection
	GlobalSection(ProjectConfigurationPlatforms) = postSolution
		{B3424A49-D191-4B26-9E9D-91EB585768EF}.Debug|Any CPU.ActiveCfg = Debug|Any CPU
		{B3424A49-D191-4B26-9E9D-91EB585768EF}.Debug|Any CPU.Build.0 = Debug|Any CPU
		{B3424A49-D191-4B26-9E9D-91EB585768EF}.Release|Any CPU.ActiveCfg = Release|Any CPU
		{B3424A49-D191-4B26-9E9D-91EB585768EF}.Release|Any CPU.Build.0 = Release|Any CPU
		{EA306B63-55F5-4C5E-AC13-3A0F1037E3CA}.Debug|Any CPU.ActiveCfg = Debug|Any CPU
		{EA306B63-55F5-4C5E-AC13-3A0F1037E3CA}.Debug|Any CPU.Build.0 = Debug|Any CPU
		{EA306B63-55F5-4C5E-AC13-3A0F1037E3CA}.Release|Any CPU.ActiveCfg = Release|Any CPU
		{EA306B63-55F5-4C5E-AC13-3A0F1037E3CA}.Release|Any CPU.Build.0 = Release|Any CPU
		{5A407EFB-1689-4AF9-8192-21799762F79A}.Debug|Any CPU.ActiveCfg = Debug|Any CPU
		{5A407EFB-1689-4AF9-8192-21799762F79A}.Debug|Any CPU.Build.0 = Debug|Any CPU
		{5A407EFB-1689-4AF9-8192-21799762F79A}.Release|Any CPU.ActiveCfg = Release|Any CPU
		{5A407EFB-1689-4AF9-8192-21799762F79A}.Release|Any CPU.Build.0 = Release|Any CPU
		{42178B6A-ABC4-4347-B6D9-686DD152B947}.Debug|Any CPU.ActiveCfg = Debug|Any CPU
		{42178B6A-ABC4-4347-B6D9-686DD152B947}.Debug|Any CPU.Build.0 = Debug|Any CPU
		{42178B6A-ABC4-4347-B6D9-686DD152B947}.Release|Any CPU.ActiveCfg = Release|Any CPU
		{42178B6A-ABC4-4347-B6D9-686DD152B947}.Release|Any CPU.Build.0 = Release|Any CPU
		{A32692C4-348D-4AFC-8A12-DD95EA2AE423}.Debug|Any CPU.ActiveCfg = Debug|Any CPU
		{A32692C4-348D-4AFC-8A12-DD95EA2AE423}.Debug|Any CPU.Build.0 = Debug|Any CPU
		{A32692C4-348D-4AFC-8A12-DD95EA2AE423}.Release|Any CPU.ActiveCfg = Release|Any CPU
		{A32692C4-348D-4AFC-8A12-DD95EA2AE423}.Release|Any CPU.Build.0 = Release|Any CPU
		{3312A97E-09BF-42F2-80FB-F1AC50C4639A}.Debug|Any CPU.ActiveCfg = Debug|Any CPU
		{3312A97E-09BF-42F2-80FB-F1AC50C4639A}.Debug|Any CPU.Build.0 = Debug|Any CPU
		{3312A97E-09BF-42F2-80FB-F1AC50C4639A}.Release|Any CPU.ActiveCfg = Release|Any CPU
		{3312A97E-09BF-42F2-80FB-F1AC50C4639A}.Release|Any CPU.Build.0 = Release|Any CPU
		{72BCB1D6-0A2C-44A3-A9D3-2E2A13CD37F2}.Debug|Any CPU.ActiveCfg = Debug|Any CPU
		{72BCB1D6-0A2C-44A3-A9D3-2E2A13CD37F2}.Debug|Any CPU.Build.0 = Debug|Any CPU
		{72BCB1D6-0A2C-44A3-A9D3-2E2A13CD37F2}.Release|Any CPU.ActiveCfg = Release|Any CPU
		{72BCB1D6-0A2C-44A3-A9D3-2E2A13CD37F2}.Release|Any CPU.Build.0 = Release|Any CPU
		{675AEA75-2A33-4A1B-8607-D18808084338}.Debug|Any CPU.ActiveCfg = Debug|Any CPU
		{675AEA75-2A33-4A1B-8607-D18808084338}.Debug|Any CPU.Build.0 = Debug|Any CPU
		{675AEA75-2A33-4A1B-8607-D18808084338}.Release|Any CPU.ActiveCfg = Release|Any CPU
		{675AEA75-2A33-4A1B-8607-D18808084338}.Release|Any CPU.Build.0 = Release|Any CPU
		{CA05C5AE-701D-41EC-AB11-A1E9368FD6F5}.Debug|Any CPU.ActiveCfg = Debug|Any CPU
		{CA05C5AE-701D-41EC-AB11-A1E9368FD6F5}.Debug|Any CPU.Build.0 = Debug|Any CPU
		{CA05C5AE-701D-41EC-AB11-A1E9368FD6F5}.Release|Any CPU.ActiveCfg = Release|Any CPU
		{CA05C5AE-701D-41EC-AB11-A1E9368FD6F5}.Release|Any CPU.Build.0 = Release|Any CPU
		{58FD4B3A-BF51-457A-8390-93A4BADF938D}.Debug|Any CPU.ActiveCfg = Debug|Any CPU
		{58FD4B3A-BF51-457A-8390-93A4BADF938D}.Debug|Any CPU.Build.0 = Debug|Any CPU
		{58FD4B3A-BF51-457A-8390-93A4BADF938D}.Release|Any CPU.ActiveCfg = Release|Any CPU
		{58FD4B3A-BF51-457A-8390-93A4BADF938D}.Release|Any CPU.Build.0 = Release|Any CPU
		{7C76078B-0D48-4E98-9EAD-E06B46F861C8}.Debug|Any CPU.ActiveCfg = Debug|Any CPU
		{7C76078B-0D48-4E98-9EAD-E06B46F861C8}.Debug|Any CPU.Build.0 = Debug|Any CPU
		{7C76078B-0D48-4E98-9EAD-E06B46F861C8}.Release|Any CPU.ActiveCfg = Release|Any CPU
		{7C76078B-0D48-4E98-9EAD-E06B46F861C8}.Release|Any CPU.Build.0 = Release|Any CPU
		{878DA9B3-FC24-4150-9C5D-9CC024A2BBA8}.Debug|Any CPU.ActiveCfg = Debug|Any CPU
		{878DA9B3-FC24-4150-9C5D-9CC024A2BBA8}.Debug|Any CPU.Build.0 = Debug|Any CPU
		{878DA9B3-FC24-4150-9C5D-9CC024A2BBA8}.Release|Any CPU.ActiveCfg = Release|Any CPU
		{878DA9B3-FC24-4150-9C5D-9CC024A2BBA8}.Release|Any CPU.Build.0 = Release|Any CPU
		{30D7DFD5-4872-4271-919E-837B2F2A7150}.Debug|Any CPU.ActiveCfg = Debug|Any CPU
		{30D7DFD5-4872-4271-919E-837B2F2A7150}.Debug|Any CPU.Build.0 = Debug|Any CPU
		{30D7DFD5-4872-4271-919E-837B2F2A7150}.Release|Any CPU.ActiveCfg = Release|Any CPU
		{30D7DFD5-4872-4271-919E-837B2F2A7150}.Release|Any CPU.Build.0 = Release|Any CPU
		{5976EFBD-9475-4069-9341-7A47FF13A300}.Debug|Any CPU.ActiveCfg = Debug|Any CPU
		{5976EFBD-9475-4069-9341-7A47FF13A300}.Debug|Any CPU.Build.0 = Debug|Any CPU
		{5976EFBD-9475-4069-9341-7A47FF13A300}.Release|Any CPU.ActiveCfg = Release|Any CPU
		{5976EFBD-9475-4069-9341-7A47FF13A300}.Release|Any CPU.Build.0 = Release|Any CPU
		{1E549C96-755C-4213-81AB-770A916C8D43}.Debug|Any CPU.ActiveCfg = Debug|Any CPU
		{1E549C96-755C-4213-81AB-770A916C8D43}.Debug|Any CPU.Build.0 = Debug|Any CPU
		{1E549C96-755C-4213-81AB-770A916C8D43}.Release|Any CPU.ActiveCfg = Release|Any CPU
		{1E549C96-755C-4213-81AB-770A916C8D43}.Release|Any CPU.Build.0 = Release|Any CPU
		{09FF676A-D735-4D73-AEE3-4C5762156711}.Debug|Any CPU.ActiveCfg = Debug|Any CPU
		{09FF676A-D735-4D73-AEE3-4C5762156711}.Debug|Any CPU.Build.0 = Debug|Any CPU
		{09FF676A-D735-4D73-AEE3-4C5762156711}.Release|Any CPU.ActiveCfg = Release|Any CPU
		{09FF676A-D735-4D73-AEE3-4C5762156711}.Release|Any CPU.Build.0 = Release|Any CPU
		{CDEFFD40-9E8A-4473-B1C5-A659BAACCD13}.Debug|Any CPU.ActiveCfg = Debug|Any CPU
		{CDEFFD40-9E8A-4473-B1C5-A659BAACCD13}.Debug|Any CPU.Build.0 = Debug|Any CPU
		{CDEFFD40-9E8A-4473-B1C5-A659BAACCD13}.Release|Any CPU.ActiveCfg = Release|Any CPU
		{CDEFFD40-9E8A-4473-B1C5-A659BAACCD13}.Release|Any CPU.Build.0 = Release|Any CPU
		{D4538AAE-2DC0-4D5B-A7D7-7DEB3092F9EB}.Debug|Any CPU.ActiveCfg = Debug|Any CPU
		{D4538AAE-2DC0-4D5B-A7D7-7DEB3092F9EB}.Debug|Any CPU.Build.0 = Debug|Any CPU
		{D4538AAE-2DC0-4D5B-A7D7-7DEB3092F9EB}.Release|Any CPU.ActiveCfg = Release|Any CPU
		{D4538AAE-2DC0-4D5B-A7D7-7DEB3092F9EB}.Release|Any CPU.Build.0 = Release|Any CPU
		{A0484B18-ECFE-486F-BAFD-C4362FFC6E80}.Debug|Any CPU.ActiveCfg = Debug|Any CPU
		{A0484B18-ECFE-486F-BAFD-C4362FFC6E80}.Debug|Any CPU.Build.0 = Debug|Any CPU
		{A0484B18-ECFE-486F-BAFD-C4362FFC6E80}.Release|Any CPU.ActiveCfg = Release|Any CPU
		{A0484B18-ECFE-486F-BAFD-C4362FFC6E80}.Release|Any CPU.Build.0 = Release|Any CPU
	EndGlobalSection
	GlobalSection(SolutionProperties) = preSolution
		HideSolutionNode = FALSE
	EndGlobalSection
	GlobalSection(NestedProjects) = preSolution
		{B3424A49-D191-4B26-9E9D-91EB585768EF} = {20500EE4-5FB1-4D63-8E1F-389CBA539484}
		{EA306B63-55F5-4C5E-AC13-3A0F1037E3CA} = {20500EE4-5FB1-4D63-8E1F-389CBA539484}
		{5A407EFB-1689-4AF9-8192-21799762F79A} = {20500EE4-5FB1-4D63-8E1F-389CBA539484}
		{42178B6A-ABC4-4347-B6D9-686DD152B947} = {20500EE4-5FB1-4D63-8E1F-389CBA539484}
		{A32692C4-348D-4AFC-8A12-DD95EA2AE423} = {155CC1B0-6708-47B7-B977-9C4D65E713D8}
		{3312A97E-09BF-42F2-80FB-F1AC50C4639A} = {155CC1B0-6708-47B7-B977-9C4D65E713D8}
		{72BCB1D6-0A2C-44A3-A9D3-2E2A13CD37F2} = {155CC1B0-6708-47B7-B977-9C4D65E713D8}
		{675AEA75-2A33-4A1B-8607-D18808084338} = {155CC1B0-6708-47B7-B977-9C4D65E713D8}
		{CA05C5AE-701D-41EC-AB11-A1E9368FD6F5} = {300EAE65-2447-4E3A-9350-4C9F56F07F06}
		{58FD4B3A-BF51-457A-8390-93A4BADF938D} = {CA479DE4-3C5A-43E6-BA65-7934EC750388}
		{7C76078B-0D48-4E98-9EAD-E06B46F861C8} = {CA479DE4-3C5A-43E6-BA65-7934EC750388}
		{878DA9B3-FC24-4150-9C5D-9CC024A2BBA8} = {CA479DE4-3C5A-43E6-BA65-7934EC750388}
		{30D7DFD5-4872-4271-919E-837B2F2A7150} = {CA479DE4-3C5A-43E6-BA65-7934EC750388}
		{5976EFBD-9475-4069-9341-7A47FF13A300} = {CA479DE4-3C5A-43E6-BA65-7934EC750388}
		{1E549C96-755C-4213-81AB-770A916C8D43} = {324EBAB7-C2A2-461F-9EE6-A23A5412A01E}
		{09FF676A-D735-4D73-AEE3-4C5762156711} = {324EBAB7-C2A2-461F-9EE6-A23A5412A01E}
		{CDEFFD40-9E8A-4473-B1C5-A659BAACCD13} = {324EBAB7-C2A2-461F-9EE6-A23A5412A01E}
		{D4538AAE-2DC0-4D5B-A7D7-7DEB3092F9EB} = {324EBAB7-C2A2-461F-9EE6-A23A5412A01E}
		{A0484B18-ECFE-486F-BAFD-C4362FFC6E80} = {324EBAB7-C2A2-461F-9EE6-A23A5412A01E}
	EndGlobalSection
	GlobalSection(ExtensibilityGlobals) = postSolution
		SolutionGuid = {27E15852-903C-47C9-99B6-D6DCBD9401E3}
	EndGlobalSection
EndGlobal
